// !$*UTF8*$!
{
	archiveVersion = 1;
	classes = {
	};
	objectVersion = 46;
	objects = {

/* Begin PBXBuildFile section */
		490E09DA1BA446EC00DF2782 /* AVFoundation.framework in Frameworks */ = {isa = PBXBuildFile; fileRef = 490E09D91BA446EC00DF2782 /* AVFoundation.framework */; };
		490E09E61BA4529000DF2782 /* ImplicitAnimViewController.m in Sources */ = {isa = PBXBuildFile; fileRef = 490E09E51BA4529000DF2782 /* ImplicitAnimViewController.m */; };
		490E09EA1BA452DF00DF2782 /* ViewController.m in Sources */ = {isa = PBXBuildFile; fileRef = 490E09E81BA452DF00DF2782 /* ViewController.m */; };
		490E09EE1BA4532700DF2782 /* RefectionView.m in Sources */ = {isa = PBXBuildFile; fileRef = 490E09EC1BA4532700DF2782 /* RefectionView.m */; };
		490E09F11BA4536E00DF2782 /* scene in Resources */ = {isa = PBXBuildFile; fileRef = 490E09F01BA4536E00DF2782 /* scene */; };
		490E09F31BA453D400DF2782 /* effect.mp4 in Resources */ = {isa = PBXBuildFile; fileRef = 490E09F21BA453D400DF2782 /* effect.mp4 */; };
		496E4F6F1B9E9FF00095CB02 /* main.m in Sources */ = {isa = PBXBuildFile; fileRef = 496E4F6E1B9E9FF00095CB02 /* main.m */; };
		496E4F721B9E9FF00095CB02 /* AppDelegate.m in Sources */ = {isa = PBXBuildFile; fileRef = 496E4F711B9E9FF00095CB02 /* AppDelegate.m */; };
		496E4F781B9E9FF00095CB02 /* Main.storyboard in Resources */ = {isa = PBXBuildFile; fileRef = 496E4F761B9E9FF00095CB02 /* Main.storyboard */; };
		496E4F7A1B9E9FF00095CB02 /* Images.xcassets in Resources */ = {isa = PBXBuildFile; fileRef = 496E4F791B9E9FF00095CB02 /* Images.xcassets */; };
		496E4F7D1B9E9FF00095CB02 /* LaunchScreen.xib in Resources */ = {isa = PBXBuildFile; fileRef = 496E4F7B1B9E9FF00095CB02 /* LaunchScreen.xib */; };
		496E4F931B9EA61D0095CB02 /* QuartzCore.framework in Frameworks */ = {isa = PBXBuildFile; fileRef = 496E4F921B9EA61D0095CB02 /* QuartzCore.framework */; };
		496E4FAC1BA2B9000095CB02 /* TiledImageViewController.m in Sources */ = {isa = PBXBuildFile; fileRef = 496E4FAA1BA2B9000095CB02 /* TiledImageViewController.m */; };
		49957DCA1BA598AD00F74CE5 /* ExplicitAnimViewController.m in Sources */ = {isa = PBXBuildFile; fileRef = 49957DC91BA598AD00F74CE5 /* ExplicitAnimViewController.m */; };
		49957DCD1BA5A9BE00F74CE5 /* BezierPathAnimViewController.m in Sources */ = {isa = PBXBuildFile; fileRef = 49957DCC1BA5A9BE00F74CE5 /* BezierPathAnimViewController.m */; };
		49957DD01BA5BA2A00F74CE5 /* TransitionAnimViewController.m in Sources */ = {isa = PBXBuildFile; fileRef = 49957DCF1BA5BA2A00F74CE5 /* TransitionAnimViewController.m */; };
/* End PBXBuildFile section */

/* Begin PBXFileReference section */
		490E09D91BA446EC00DF2782 /* AVFoundation.framework */ = {isa = PBXFileReference; lastKnownFileType = wrapper.framework; name = AVFoundation.framework; path = System/Library/Frameworks/AVFoundation.framework; sourceTree = SDKROOT; };
		490E09E41BA4529000DF2782 /* ImplicitAnimViewController.h */ = {isa = PBXFileReference; fileEncoding = 4; lastKnownFileType = sourcecode.c.h; name = ImplicitAnimViewController.h; path = implicit/ImplicitAnimViewController.h; sourceTree = "<group>"; };
		490E09E51BA4529000DF2782 /* ImplicitAnimViewController.m */ = {isa = PBXFileReference; fileEncoding = 4; lastKnownFileType = sourcecode.c.objc; name = ImplicitAnimViewController.m; path = implicit/ImplicitAnimViewController.m; sourceTree = "<group>"; };
		490E09E81BA452DF00DF2782 /* ViewController.m */ = {isa = PBXFileReference; fileEncoding = 4; lastKnownFileType = sourcecode.c.objc; name = ViewController.m; path = layers/ViewController.m; sourceTree = "<group>"; };
		490E09E91BA452DF00DF2782 /* ViewController.h */ = {isa = PBXFileReference; fileEncoding = 4; lastKnownFileType = sourcecode.c.h; name = ViewController.h; path = layers/ViewController.h; sourceTree = "<group>"; };
		490E09EC1BA4532700DF2782 /* RefectionView.m */ = {isa = PBXFileReference; fileEncoding = 4; lastKnownFileType = sourcecode.c.objc; name = RefectionView.m; path = views/RefectionView.m; sourceTree = "<group>"; };
		490E09ED1BA4532700DF2782 /* RefectionView.h */ = {isa = PBXFileReference; fileEncoding = 4; lastKnownFileType = sourcecode.c.h; name = RefectionView.h; path = views/RefectionView.h; sourceTree = "<group>"; };
		490E09F01BA4536E00DF2782 /* scene */ = {isa = PBXFileReference; lastKnownFileType = folder; name = scene; path = resources/scene; sourceTree = "<group>"; };
		490E09F21BA453D400DF2782 /* effect.mp4 */ = {isa = PBXFileReference; lastKnownFileType = file; name = effect.mp4; path = resources/effect.mp4; sourceTree = "<group>"; };
		496E4F691B9E9FF00095CB02 /* Animations.app */ = {isa = PBXFileReference; explicitFileType = wrapper.application; includeInIndex = 0; path = Animations.app; sourceTree = BUILT_PRODUCTS_DIR; };
		496E4F6D1B9E9FF00095CB02 /* Info.plist */ = {isa = PBXFileReference; lastKnownFileType = text.plist.xml; path = Info.plist; sourceTree = "<group>"; };
		496E4F6E1B9E9FF00095CB02 /* main.m */ = {isa = PBXFileReference; lastKnownFileType = sourcecode.c.objc; path = main.m; sourceTree = "<group>"; };
		496E4F701B9E9FF00095CB02 /* AppDelegate.h */ = {isa = PBXFileReference; lastKnownFileType = sourcecode.c.h; path = AppDelegate.h; sourceTree = "<group>"; };
		496E4F711B9E9FF00095CB02 /* AppDelegate.m */ = {isa = PBXFileReference; lastKnownFileType = sourcecode.c.objc; path = AppDelegate.m; sourceTree = "<group>"; };
		496E4F771B9E9FF00095CB02 /* Base */ = {isa = PBXFileReference; lastKnownFileType = file.storyboard; name = Base; path = Base.lproj/Main.storyboard; sourceTree = "<group>"; };
		496E4F791B9E9FF00095CB02 /* Images.xcassets */ = {isa = PBXFileReference; lastKnownFileType = folder.assetcatalog; path = Images.xcassets; sourceTree = "<group>"; };
		496E4F7C1B9E9FF00095CB02 /* Base */ = {isa = PBXFileReference; lastKnownFileType = file.xib; name = Base; path = Base.lproj/LaunchScreen.xib; sourceTree = "<group>"; };
		496E4F871B9E9FF00095CB02 /* Info.plist */ = {isa = PBXFileReference; lastKnownFileType = text.plist.xml; path = Info.plist; sourceTree = "<group>"; };
		496E4F881B9E9FF00095CB02 /* AnimationsTests.m */ = {isa = PBXFileReference; lastKnownFileType = sourcecode.c.objc; path = AnimationsTests.m; sourceTree = "<group>"; };
		496E4F921B9EA61D0095CB02 /* QuartzCore.framework */ = {isa = PBXFileReference; lastKnownFileType = wrapper.framework; name = QuartzCore.framework; path = System/Library/Frameworks/QuartzCore.framework; sourceTree = SDKROOT; };
		496E4FA91BA2B9000095CB02 /* TiledImageViewController.h */ = {isa = PBXFileReference; fileEncoding = 4; lastKnownFileType = sourcecode.c.h; path = TiledImageViewController.h; sourceTree = "<group>"; };
		496E4FAA1BA2B9000095CB02 /* TiledImageViewController.m */ = {isa = PBXFileReference; fileEncoding = 4; lastKnownFileType = sourcecode.c.objc; path = TiledImageViewController.m; sourceTree = "<group>"; };
		49957DC81BA598AD00F74CE5 /* ExplicitAnimViewController.h */ = {isa = PBXFileReference; fileEncoding = 4; lastKnownFileType = sourcecode.c.h; name = ExplicitAnimViewController.h; path = explicit/ExplicitAnimViewController.h; sourceTree = "<group>"; };
		49957DC91BA598AD00F74CE5 /* ExplicitAnimViewController.m */ = {isa = PBXFileReference; fileEncoding = 4; lastKnownFileType = sourcecode.c.objc; name = ExplicitAnimViewController.m; path = explicit/ExplicitAnimViewController.m; sourceTree = "<group>"; };
		49957DCB1BA5A9BE00F74CE5 /* BezierPathAnimViewController.h */ = {isa = PBXFileReference; fileEncoding = 4; lastKnownFileType = sourcecode.c.h; name = BezierPathAnimViewController.h; path = explicit/BezierPathAnimViewController.h; sourceTree = "<group>"; };
		49957DCC1BA5A9BE00F74CE5 /* BezierPathAnimViewController.m */ = {isa = PBXFileReference; fileEncoding = 4; lastKnownFileType = sourcecode.c.objc; name = BezierPathAnimViewController.m; path = explicit/BezierPathAnimViewController.m; sourceTree = "<group>"; };
		49957DCE1BA5BA2A00F74CE5 /* TransitionAnimViewController.h */ = {isa = PBXFileReference; fileEncoding = 4; lastKnownFileType = sourcecode.c.h; name = TransitionAnimViewController.h; path = transition/TransitionAnimViewController.h; sourceTree = "<group>"; };
		49957DCF1BA5BA2A00F74CE5 /* TransitionAnimViewController.m */ = {isa = PBXFileReference; fileEncoding = 4; lastKnownFileType = sourcecode.c.objc; name = TransitionAnimViewController.m; path = transition/TransitionAnimViewController.m; sourceTree = "<group>"; };
/* End PBXFileReference section */

/* Begin PBXFrameworksBuildPhase section */
		496E4F661B9E9FF00095CB02 /* Frameworks */ = {
			isa = PBXFrameworksBuildPhase;
			buildActionMask = 2147483647;
			files = (
				490E09DA1BA446EC00DF2782 /* AVFoundation.framework in Frameworks */,
				496E4F931B9EA61D0095CB02 /* QuartzCore.framework in Frameworks */,
			);
			runOnlyForDeploymentPostprocessing = 0;
		};
/* End PBXFrameworksBuildPhase section */

/* Begin PBXGroup section */
		490E09E31BA4525900DF2782 /* implicit */ = {
			isa = PBXGroup;
			children = (
				490E09E41BA4529000DF2782 /* ImplicitAnimViewController.h */,
				490E09E51BA4529000DF2782 /* ImplicitAnimViewController.m */,
			);
			name = implicit;
			sourceTree = "<group>";
		};
		490E09E71BA452A700DF2782 /* layers */ = {
			isa = PBXGroup;
			children = (
				490E09E81BA452DF00DF2782 /* ViewController.m */,
				490E09E91BA452DF00DF2782 /* ViewController.h */,
			);
			name = layers;
			sourceTree = "<group>";
		};
		490E09EB1BA452F700DF2782 /* views */ = {
			isa = PBXGroup;
			children = (
				490E09EC1BA4532700DF2782 /* RefectionView.m */,
				490E09ED1BA4532700DF2782 /* RefectionView.h */,
			);
			name = views;
			sourceTree = "<group>";
		};
		490E09EF1BA4533600DF2782 /* resources */ = {
			isa = PBXGroup;
			children = (
				490E09F21BA453D400DF2782 /* effect.mp4 */,
				490E09F01BA4536E00DF2782 /* scene */,
			);
			name = resources;
			sourceTree = "<group>";
		};
		496E4F601B9E9FF00095CB02 = {
			isa = PBXGroup;
			children = (
				490E09D91BA446EC00DF2782 /* AVFoundation.framework */,
				496E4F921B9EA61D0095CB02 /* QuartzCore.framework */,
				496E4F6B1B9E9FF00095CB02 /* Animations */,
				496E4F851B9E9FF00095CB02 /* AnimationsTests */,
				496E4F6A1B9E9FF00095CB02 /* Products */,
			);
			sourceTree = "<group>";
		};
		496E4F6A1B9E9FF00095CB02 /* Products */ = {
			isa = PBXGroup;
			children = (
				496E4F691B9E9FF00095CB02 /* Animations.app */,
			);
			name = Products;
			sourceTree = "<group>";
		};
		496E4F6B1B9E9FF00095CB02 /* Animations */ = {
			isa = PBXGroup;
			children = (
				49957DC71BA5986500F74CE5 /* explicit */,
				490E09EF1BA4533600DF2782 /* resources */,
				490E09EB1BA452F700DF2782 /* views */,
				490E09E71BA452A700DF2782 /* layers */,
				490E09E31BA4525900DF2782 /* implicit */,
				496E4FA81BA2B9000095CB02 /* tiled */,
				496E4F701B9E9FF00095CB02 /* AppDelegate.h */,
				496E4F711B9E9FF00095CB02 /* AppDelegate.m */,
				496E4F761B9E9FF00095CB02 /* Main.storyboard */,
				496E4F791B9E9FF00095CB02 /* Images.xcassets */,
				496E4F7B1B9E9FF00095CB02 /* LaunchScreen.xib */,
				496E4F6C1B9E9FF00095CB02 /* Supporting Files */,
				49957DD11BA5BA3700F74CE5 /* transition */,
			);
			path = Animations;
			sourceTree = "<group>";
		};
		496E4F6C1B9E9FF00095CB02 /* Supporting Files */ = {
			isa = PBXGroup;
			children = (
				496E4F6D1B9E9FF00095CB02 /* Info.plist */,
				496E4F6E1B9E9FF00095CB02 /* main.m */,
			);
			name = "Supporting Files";
			sourceTree = "<group>";
		};
		496E4F851B9E9FF00095CB02 /* AnimationsTests */ = {
			isa = PBXGroup;
			children = (
				496E4F881B9E9FF00095CB02 /* AnimationsTests.m */,
				496E4F861B9E9FF00095CB02 /* Supporting Files */,
			);
			path = AnimationsTests;
			sourceTree = "<group>";
		};
		496E4F861B9E9FF00095CB02 /* Supporting Files */ = {
			isa = PBXGroup;
			children = (
				496E4F871B9E9FF00095CB02 /* Info.plist */,
			);
			name = "Supporting Files";
			sourceTree = "<group>";
		};
		496E4FA81BA2B9000095CB02 /* tiled */ = {
			isa = PBXGroup;
			children = (
				496E4FA91BA2B9000095CB02 /* TiledImageViewController.h */,
				496E4FAA1BA2B9000095CB02 /* TiledImageViewController.m */,
			);
			path = tiled;
			sourceTree = "<group>";
		};
		49957DC71BA5986500F74CE5 /* explicit */ = {
			isa = PBXGroup;
			children = (
				49957DC81BA598AD00F74CE5 /* ExplicitAnimViewController.h */,
				49957DC91BA598AD00F74CE5 /* ExplicitAnimViewController.m */,
				49957DCB1BA5A9BE00F74CE5 /* BezierPathAnimViewController.h */,
				49957DCC1BA5A9BE00F74CE5 /* BezierPathAnimViewController.m */,
			);
			name = explicit;
			sourceTree = "<group>";
		};
		49957DD11BA5BA3700F74CE5 /* transition */ = {
			isa = PBXGroup;
			children = (
				49957DCE1BA5BA2A00F74CE5 /* TransitionAnimViewController.h */,
				49957DCF1BA5BA2A00F74CE5 /* TransitionAnimViewController.m */,
			);
			name = transition;
			sourceTree = "<group>";
		};
/* End PBXGroup section */

/* Begin PBXNativeTarget section */
		496E4F681B9E9FF00095CB02 /* Animations */ = {
			isa = PBXNativeTarget;
			buildConfigurationList = 496E4F8C1B9E9FF00095CB02 /* Build configuration list for PBXNativeTarget "Animations" */;
			buildPhases = (
				496E4F651B9E9FF00095CB02 /* Sources */,
				496E4F661B9E9FF00095CB02 /* Frameworks */,
				496E4F671B9E9FF00095CB02 /* Resources */,
			);
			buildRules = (
			);
			dependencies = (
			);
			name = Animations;
			productName = Animations;
			productReference = 496E4F691B9E9FF00095CB02 /* Animations.app */;
			productType = "com.apple.product-type.application";
		};
/* End PBXNativeTarget section */

/* Begin PBXProject section */
		496E4F611B9E9FF00095CB02 /* Project object */ = {
			isa = PBXProject;
			attributes = {
				LastUpgradeCheck = 0700;
				ORGANIZATIONNAME = hqin;
				TargetAttributes = {
					496E4F681B9E9FF00095CB02 = {
						CreatedOnToolsVersion = 6.3.2;
						DevelopmentTeam = 7JC9B7W57B;
					};
				};
			};
			buildConfigurationList = 496E4F641B9E9FF00095CB02 /* Build configuration list for PBXProject "Animations" */;
			compatibilityVersion = "Xcode 3.2";
			developmentRegion = English;
			hasScannedForEncodings = 0;
			knownRegions = (
				en,
				Base,
			);
			mainGroup = 496E4F601B9E9FF00095CB02;
			productRefGroup = 496E4F6A1B9E9FF00095CB02 /* Products */;
			projectDirPath = "";
			projectRoot = "";
			targets = (
				496E4F681B9E9FF00095CB02 /* Animations */,
			);
		};
/* End PBXProject section */

/* Begin PBXResourcesBuildPhase section */
		496E4F671B9E9FF00095CB02 /* Resources */ = {
			isa = PBXResourcesBuildPhase;
			buildActionMask = 2147483647;
			files = (
				496E4F781B9E9FF00095CB02 /* Main.storyboard in Resources */,
				496E4F7D1B9E9FF00095CB02 /* LaunchScreen.xib in Resources */,
				490E09F31BA453D400DF2782 /* effect.mp4 in Resources */,
				496E4F7A1B9E9FF00095CB02 /* Images.xcassets in Resources */,
				490E09F11BA4536E00DF2782 /* scene in Resources */,
			);
			runOnlyForDeploymentPostprocessing = 0;
		};
/* End PBXResourcesBuildPhase section */

/* Begin PBXSourcesBuildPhase section */
		496E4F651B9E9FF00095CB02 /* Sources */ = {
			isa = PBXSourcesBuildPhase;
			buildActionMask = 2147483647;
			files = (
				490E09EA1BA452DF00DF2782 /* ViewController.m in Sources */,
				49957DD01BA5BA2A00F74CE5 /* TransitionAnimViewController.m in Sources */,
				49957DCA1BA598AD00F74CE5 /* ExplicitAnimViewController.m in Sources */,
				496E4FAC1BA2B9000095CB02 /* TiledImageViewController.m in Sources */,
				49957DCD1BA5A9BE00F74CE5 /* BezierPathAnimViewController.m in Sources */,
				496E4F721B9E9FF00095CB02 /* AppDelegate.m in Sources */,
				496E4F6F1B9E9FF00095CB02 /* main.m in Sources */,
				490E09EE1BA4532700DF2782 /* RefectionView.m in Sources */,
				490E09E61BA4529000DF2782 /* ImplicitAnimViewController.m in Sources */,
			);
			runOnlyForDeploymentPostprocessing = 0;
		};
/* End PBXSourcesBuildPhase section */

/* Begin PBXVariantGroup section */
		496E4F761B9E9FF00095CB02 /* Main.storyboard */ = {
			isa = PBXVariantGroup;
			children = (
				496E4F771B9E9FF00095CB02 /* Base */,
			);
			name = Main.storyboard;
			sourceTree = "<group>";
		};
		496E4F7B1B9E9FF00095CB02 /* LaunchScreen.xib */ = {
			isa = PBXVariantGroup;
			children = (
				496E4F7C1B9E9FF00095CB02 /* Base */,
			);
			name = LaunchScreen.xib;
			sourceTree = "<group>";
		};
/* End PBXVariantGroup section */

/* Begin XCBuildConfiguration section */
		496E4F8A1B9E9FF00095CB02 /* Debug */ = {
			isa = XCBuildConfiguration;
			buildSettings = {
				ALWAYS_SEARCH_USER_PATHS = NO;
				CLANG_CXX_LANGUAGE_STANDARD = "gnu++0x";
				CLANG_CXX_LIBRARY = "libc++";
				CLANG_ENABLE_MODULES = YES;
				CLANG_ENABLE_OBJC_ARC = YES;
				CLANG_WARN_BOOL_CONVERSION = YES;
				CLANG_WARN_CONSTANT_CONVERSION = YES;
				CLANG_WARN_DIRECT_OBJC_ISA_USAGE = YES_ERROR;
				CLANG_WARN_EMPTY_BODY = YES;
				CLANG_WARN_ENUM_CONVERSION = YES;
				CLANG_WARN_INT_CONVERSION = YES;
				CLANG_WARN_OBJC_ROOT_CLASS = YES_ERROR;
				CLANG_WARN_UNREACHABLE_CODE = YES;
				CLANG_WARN__DUPLICATE_METHOD_MATCH = YES;
				"CODE_SIGN_IDENTITY[sdk=iphoneos*]" = "iPhone Developer";
				COPY_PHASE_STRIP = NO;
				DEBUG_INFORMATION_FORMAT = "dwarf-with-dsym";
				ENABLE_STRICT_OBJC_MSGSEND = YES;
				ENABLE_TESTABILITY = YES;
				GCC_C_LANGUAGE_STANDARD = gnu99;
				GCC_DYNAMIC_NO_PIC = NO;
				GCC_NO_COMMON_BLOCKS = YES;
				GCC_OPTIMIZATION_LEVEL = 0;
				GCC_PREPROCESSOR_DEFINITIONS = (
					"DEBUG=1",
					"$(inherited)",
				);
				GCC_SYMBOLS_PRIVATE_EXTERN = NO;
				GCC_WARN_64_TO_32_BIT_CONVERSION = YES;
				GCC_WARN_ABOUT_RETURN_TYPE = YES_ERROR;
				GCC_WARN_UNDECLARED_SELECTOR = YES;
				GCC_WARN_UNINITIALIZED_AUTOS = YES_AGGRESSIVE;
				GCC_WARN_UNUSED_FUNCTION = YES;
				GCC_WARN_UNUSED_VARIABLE = YES;
				IPHONEOS_DEPLOYMENT_TARGET = 8.0;
				MTL_ENABLE_DEBUG_INFO = YES;
				ONLY_ACTIVE_ARCH = YES;
				SDKROOT = iphoneos;
				TARGETED_DEVICE_FAMILY = "1,2";
			};
			name = Debug;
		};
		496E4F8B1B9E9FF00095CB02 /* Release */ = {
			isa = XCBuildConfiguration;
			buildSettings = {
				ALWAYS_SEARCH_USER_PATHS = NO;
				CLANG_CXX_LANGUAGE_STANDARD = "gnu++0x";
				CLANG_CXX_LIBRARY = "libc++";
				CLANG_ENABLE_MODULES = YES;
				CLANG_ENABLE_OBJC_ARC = YES;
				CLANG_WARN_BOOL_CONVERSION = YES;
				CLANG_WARN_CONSTANT_CONVERSION = YES;
				CLANG_WARN_DIRECT_OBJC_ISA_USAGE = YES_ERROR;
				CLANG_WARN_EMPTY_BODY = YES;
				CLANG_WARN_ENUM_CONVERSION = YES;
				CLANG_WARN_INT_CONVERSION = YES;
				CLANG_WARN_OBJC_ROOT_CLASS = YES_ERROR;
				CLANG_WARN_UNREACHABLE_CODE = YES;
				CLANG_WARN__DUPLICATE_METHOD_MATCH = YES;
				"CODE_SIGN_IDENTITY[sdk=iphoneos*]" = "iPhone Developer";
				COPY_PHASE_STRIP = NO;
				DEBUG_INFORMATION_FORMAT = "dwarf-with-dsym";
				ENABLE_NS_ASSERTIONS = NO;
				ENABLE_STRICT_OBJC_MSGSEND = YES;
				GCC_C_LANGUAGE_STANDARD = gnu99;
				GCC_NO_COMMON_BLOCKS = YES;
				GCC_WARN_64_TO_32_BIT_CONVERSION = YES;
				GCC_WARN_ABOUT_RETURN_TYPE = YES_ERROR;
				GCC_WARN_UNDECLARED_SELECTOR = YES;
				GCC_WARN_UNINITIALIZED_AUTOS = YES_AGGRESSIVE;
				GCC_WARN_UNUSED_FUNCTION = YES;
				GCC_WARN_UNUSED_VARIABLE = YES;
				IPHONEOS_DEPLOYMENT_TARGET = 8.0;
				MTL_ENABLE_DEBUG_INFO = NO;
				SDKROOT = iphoneos;
				TARGETED_DEVICE_FAMILY = "1,2";
				VALIDATE_PRODUCT = YES;
			};
			name = Release;
		};
		496E4F8D1B9E9FF00095CB02 /* Debug */ = {
			isa = XCBuildConfiguration;
			buildSettings = {
				ASSETCATALOG_COMPILER_APPICON_NAME = AppIcon;
				CODE_SIGN_IDENTITY = "iPhone Developer";
				"CODE_SIGN_IDENTITY[sdk=iphoneos*]" = "iPhone Developer";
				INFOPLIST_FILE = Animations/Info.plist;
				LD_RUNPATH_SEARCH_PATHS = "$(inherited) @executable_path/Frameworks";
				PRODUCT_BUNDLE_IDENTIFIER = "hanhaify.mobile.$(PRODUCT_NAME:rfc1034identifier)";
				PRODUCT_NAME = "$(TARGET_NAME)";
				PROVISIONING_PROFILE = "";
			};
			name = Debug;
		};
		496E4F8E1B9E9FF00095CB02 /* Release */ = {
			isa = XCBuildConfiguration;
			buildSettings = {
				ASSETCATALOG_COMPILER_APPICON_NAME = AppIcon;
				CODE_SIGN_IDENTITY = "iPhone Developer";
				"CODE_SIGN_IDENTITY[sdk=iphoneos*]" = "iPhone Developer";
				INFOPLIST_FILE = Animations/Info.plist;
				LD_RUNPATH_SEARCH_PATHS = "$(inherited) @executable_path/Frameworks";
				PRODUCT_BUNDLE_IDENTIFIER = "hanhaify.mobile.$(PRODUCT_NAME:rfc1034identifier)";
				PRODUCT_NAME = "$(TARGET_NAME)";
				PROVISIONING_PROFILE = "";
			};
			name = Release;
		};
/* End XCBuildConfiguration section */

/* Begin XCConfigurationList section */
		496E4F641B9E9FF00095CB02 /* Build configuration list for PBXProject "Animations" */ = {
			isa = XCConfigurationList;
			buildConfigurations = (
				496E4F8A1B9E9FF00095CB02 /* Debug */,
				496E4F8B1B9E9FF00095CB02 /* Release */,
			);
			defaultConfigurationIsVisible = 0;
			defaultConfigurationName = Release;
		};
		496E4F8C1B9E9FF00095CB02 /* Build configuration list for PBXNativeTarget "Animations" */ = {
			isa = XCConfigurationList;
			buildConfigurations = (
				496E4F8D1B9E9FF00095CB02 /* Debug */,
				496E4F8E1B9E9FF00095CB02 /* Release */,
			);
			defaultConfigurationIsVisible = 0;
			defaultConfigurationName = Release;
		};
/* End XCConfigurationList section */
	};
	rootObject = 496E4F611B9E9FF00095CB02 /* Project object */;
}
